hash: ab46d87de2cdde482dc6aa6b80198aad8bdad781f71e02c9db3d9d76cf1978f9
updated: 2018-04-05T08:08:36.6748+01:00
imports:
- name: cloud.google.com/go
  version: 4b98a6370e36d7a85192e7bad08a4ebd82eac2a8
  subpackages:
  - compute/metadata
  - iam
  - internal
  - internal/optional
  - internal/trace
  - internal/version
  - storage
- name: github.com/abcum/bump
  version: e52572d3ec79ace5222da0688e3d1bb87c76f776
- name: github.com/aws/aws-sdk-go
  version: 7f68df2a5baf19398d17def23a514a6e617e5937
  subpackages:
  - aws
  - aws/awserr
  - aws/awsutil
  - aws/client
  - aws/client/metadata
  - aws/corehandlers
  - aws/credentials
  - aws/credentials/ec2rolecreds
  - aws/credentials/endpointcreds
  - aws/credentials/stscreds
  - aws/defaults
  - aws/ec2metadata
  - aws/endpoints
  - aws/request
  - aws/session
  - aws/signer/v4
  - internal/sdkio
  - internal/sdkrand
  - internal/shareddefaults
  - private/protocol
  - private/protocol/query
  - private/protocol/query/queryutil
  - private/protocol/rest
  - private/protocol/restxml
  - private/protocol/xml/xmlutil
  - service/s3
  - service/s3/s3iface
  - service/s3/s3manager
  - service/sts
- name: github.com/go-ini/ini
  version: 5e9692864e22d02ac79e2fa499cffb00520b4fea
- name: github.com/golang/protobuf
  version: e09c5db296004fbe3f74490e84dcd62c3c5ddb1b
  subpackages:
  - proto
  - protoc-gen-go/descriptor
  - ptypes
  - ptypes/any
  - ptypes/duration
  - ptypes/timestamp
- name: github.com/googleapis/gax-go
  version: de2cc08e690b99dd3f7d19937d80d3d54e04682f
- name: github.com/jmespath/go-jmespath
  version: c2b33e8439af944379acbdd9c3a5fe0bc44bd8a5
- name: go.opencensus.io
  version: 076344b67ac19bcb8096c4b12440c3cf92ac3927
  subpackages:
  - exporter/stackdriver/propagation
  - internal
  - internal/tagencoding
  - plugin/ochttp
  - plugin/ochttp/propagation/b3
  - stats
  - stats/internal
  - stats/view
  - tag
  - trace
  - trace/propagation
- name: golang.org/x/net
  version: b3c676e531a6dc479fa1b35ac961c13f5e2b4d2e
  subpackages:
  - context
  - context/ctxhttp
  - http2
  - http2/hpack
  - idna
  - internal/timeseries
  - lex/httplex
  - trace
- name: golang.org/x/oauth2
  version: 921ae394b9430ed4fb549668d7b087601bd60a81
  subpackages:
  - google
  - internal
  - jws
  - jwt
- name: golang.org/x/text
  version: 2cb43934f0eece38629746959acc633cba083fe4
  subpackages:
  - secure/bidirule
  - transform
  - unicode/bidi
  - unicode/norm
- name: google.golang.org/api
  version: 3097bf831ede4a24e08a3316254e29ca726383e3
  subpackages:
  - gensupport
  - googleapi
  - googleapi/internal/uritemplates
  - googleapi/transport
  - internal
  - iterator
  - option
  - storage/v1
  - transport/http
- name: google.golang.org/appengine
  version: ad39d7fab7c60b2493fdc318c3d2cdb2128f92a4
  subpackages:
  - internal
  - internal/app_identity
  - internal/base
  - internal/datastore
  - internal/log
  - internal/modules
  - internal/remote_api
  - internal/urlfetch
  - urlfetch
- name: google.golang.org/genproto
  version: 35de2414665fc36f56b72d982c5af480d86de5ab
  subpackages:
  - googleapis/api/annotations
  - googleapis/iam/v1
  - googleapis/rpc/code
  - googleapis/rpc/status
- name: google.golang.org/grpc
  version: 291de7f0abf52bab39206f2da79e3b27b2ca70d1
  subpackages:
  - balancer
  - balancer/base
  - balancer/roundrobin
  - codes
  - connectivity
  - credentials
  - encoding
  - encoding/proto
  - grpclb/grpc_lb_v1/messages
  - grpclog
  - internal
  - keepalive
  - metadata
  - naming
  - peer
  - resolver
  - resolver/dns
  - resolver/passthrough
  - stats
  - status
  - tap
  - transport
testImports:
- name: github.com/gopherjs/gopherjs
  version: 82b322028c96512b15077093b16a5f1c7ea897ac
  subpackages:
  - js
- name: github.com/jtolds/gls
  version: 77f18212c9c7edc9bd6a33d383a7b545ce62f064
- name: github.com/smartystreets/assertions
  version: 7678a5452ebea5b7090a6b163f844c133f523da2
  subpackages:
  - internal/go-render/render
  - internal/oglematchers
- name: github.com/smartystreets/goconvey
  version: 9e8dc3f972df6c8fcc0375ef492c24d0bb204857
  subpackages:
  - convey
  - convey/gotest
  - convey/reporting
